
Microsoft Visual Studio Solution File, Format Version 12.00
# Visual Studio Version 16
VisualStudioVersion = 16.0.33423.256
MinimumVisualStudioVersion = 10.0.40219.1
Project("{8BC9CEB8-8B4A-11D0-8D11-00A0C91BC942}") = "GameServer", "GameServer\GameServer.vcxproj", "{E9EB07F0-C773-4EEF-B185-945583622D16}"
EndProject
Project("{8BC9CEB8-8B4A-11D0-8D11-00A0C91BC942}") = "DummyClient", "DummyClient\DummyClient.vcxproj", "{ACC52CFB-6B3C-4F04-AE65-7C6477C3C60C}"
EndProject
Project("{8BC9CEB8-8B4A-11D0-8D11-00A0C91BC942}") = "ServerCore", "ServerCore\ServerCore.vcxproj", "{94DA119C-870D-4BF3-B583-AFD9F901CF92}"
EndProject
Global
	GlobalSection(SolutionConfigurationPlatforms) = preSolution
		Debug|x64 = Debug|x64
		Debug|x86 = Debug|x86
		Release|x64 = Release|x64
		Release|x86 = Release|x86
	EndGlobalSection
	GlobalSection(ProjectConfigurationPlatforms) = postSolution
		{E9EB07F0-C773-4EEF-B185-945583622D16}.Debug|x64.ActiveCfg = Debug|x64
		{E9EB07F0-C773-4EEF-B185-945583622D16}.Debug|x64.Build.0 = Debug|x64
		{E9EB07F0-C773-4EEF-B185-945583622D16}.Debug|x86.ActiveCfg = Debug|Win32
		{E9EB07F0-C773-4EEF-B185-945583622D16}.Debug|x86.Build.0 = Debug|Win32
		{E9EB07F0-C773-4EEF-B185-945583622D16}.Release|x64.ActiveCfg = Release|x64
		{E9EB07F0-C773-4EEF-B185-945583622D16}.Release|x64.Build.0 = Release|x64
		{E9EB07F0-C773-4EEF-B185-945583622D16}.Release|x86.ActiveCfg = Release|Win32
		{E9EB07F0-C773-4EEF-B185-945583622D16}.Release|x86.Build.0 = Release|Win32
		{ACC52CFB-6B3C-4F04-AE65-7C6477C3C60C}.Debug|x64.ActiveCfg = Debug|x64
		{ACC52CFB-6B3C-4F04-AE65-7C6477C3C60C}.Debug|x64.Build.0 = Debug|x64
		{ACC52CFB-6B3C-4F04-AE65-7C6477C3C60C}.Debug|x86.ActiveCfg = Debug|Win32
		{ACC52CFB-6B3C-4F04-AE65-7C6477C3C60C}.Debug|x86.Build.0 = Debug|Win32
		{ACC52CFB-6B3C-4F04-AE65-7C6477C3C60C}.Release|x64.ActiveCfg = Release|x64
		{ACC52CFB-6B3C-4F04-AE65-7C6477C3C60C}.Release|x64.Build.0 = Release|x64
		{ACC52CFB-6B3C-4F04-AE65-7C6477C3C60C}.Release|x86.ActiveCfg = Release|Win32
		{ACC52CFB-6B3C-4F04-AE65-7C6477C3C60C}.Release|x86.Build.0 = Release|Win32
		{94DA119C-870D-4BF3-B583-AFD9F901CF92}.Debug|x64.ActiveCfg = Debug|x64
		{94DA119C-870D-4BF3-B583-AFD9F901CF92}.Debug|x64.Build.0 = Debug|x64
		{94DA119C-870D-4BF3-B583-AFD9F901CF92}.Debug|x86.ActiveCfg = Debug|Win32
		{94DA119C-870D-4BF3-B583-AFD9F901CF92}.Debug|x86.Build.0 = Debug|Win32
		{94DA119C-870D-4BF3-B583-AFD9F901CF92}.Release|x64.ActiveCfg = Release|x64
		{94DA119C-870D-4BF3-B583-AFD9F901CF92}.Release|x64.Build.0 = Release|x64
		{94DA119C-870D-4BF3-B583-AFD9F901CF92}.Release|x86.ActiveCfg = Release|Win32
		{94DA119C-870D-4BF3-B583-AFD9F901CF92}.Release|x86.Build.0 = Release|Win32
	EndGlobalSection
	GlobalSection(SolutionProperties) = preSolution
		HideSolutionNode = FALSE
	EndGlobalSection
	GlobalSection(ExtensibilityGlobals) = postSolution
		SolutionGuid = {6BBB096F-5F54-4F7E-8326-2F879E7B61E2}
	EndGlobalSection
EndGlobal
